
Microsoft Visual Studio Solution File, Format Version 12.00
# Visual Studio 14
VisualStudioVersion = 14.0.25420.1
MinimumVisualStudioVersion = 10.0.40219.1
Project("{FAE04EC0-301F-11D3-BF4B-00C04F79EFBC}") = "UI", "NetCheatX\UI.csproj", "{3E7F1088-A6B9-4E44-AE64-97FB21CA1E62}"
	ProjectSection(ProjectDependencies) = postProject
		{EC75763F-1269-4207-8F90-D0A842B922D5} = {EC75763F-1269-4207-8F90-D0A842B922D5}
		{621A2241-4065-4DB4-B9A6-61F2E3B2B16A} = {621A2241-4065-4DB4-B9A6-61F2E3B2B16A}
	EndProjectSection
EndProject
Project("{FAE04EC0-301F-11D3-BF4B-00C04F79EFBC}") = "Core", "Core\Core.csproj", "{621A2241-4065-4DB4-B9A6-61F2E3B2B16A}"
EndProject
Project("{FAE04EC0-301F-11D3-BF4B-00C04F79EFBC}") = "PCCommunicator", "PCCommunicator\PCCommunicator.csproj", "{EC75763F-1269-4207-8F90-D0A842B922D5}"
EndProject
Project("{FAE04EC0-301F-11D3-BF4B-00C04F79EFBC}") = "BasicSearch", "BasicSearch\BasicSearch.csproj", "{49F6200D-F648-48C5-B2CD-386F2998364D}"
EndProject
Global
	GlobalSection(SolutionConfigurationPlatforms) = preSolution
		Debug|Any CPU = Debug|Any CPU
		Release|Any CPU = Release|Any CPU
	EndGlobalSection
	GlobalSection(ProjectConfigurationPlatforms) = postSolution
		{3E7F1088-A6B9-4E44-AE64-97FB21CA1E62}.Debug|Any CPU.ActiveCfg = Debug|Any CPU
		{3E7F1088-A6B9-4E44-AE64-97FB21CA1E62}.Debug|Any CPU.Build.0 = Debug|Any CPU
		{3E7F1088-A6B9-4E44-AE64-97FB21CA1E62}.Release|Any CPU.ActiveCfg = Release|Any CPU
		{3E7F1088-A6B9-4E44-AE64-97FB21CA1E62}.Release|Any CPU.Build.0 = Release|Any CPU
		{621A2241-4065-4DB4-B9A6-61F2E3B2B16A}.Debug|Any CPU.ActiveCfg = Debug|Any CPU
		{621A2241-4065-4DB4-B9A6-61F2E3B2B16A}.Debug|Any CPU.Build.0 = Debug|Any CPU
		{621A2241-4065-4DB4-B9A6-61F2E3B2B16A}.Release|Any CPU.ActiveCfg = Release|Any CPU
		{621A2241-4065-4DB4-B9A6-61F2E3B2B16A}.Release|Any CPU.Build.0 = Release|Any CPU
		{EC75763F-1269-4207-8F90-D0A842B922D5}.Debug|Any CPU.ActiveCfg = Debug|Any CPU
		{EC75763F-1269-4207-8F90-D0A842B922D5}.Debug|Any CPU.Build.0 = Debug|Any CPU
		{EC75763F-1269-4207-8F90-D0A842B922D5}.Release|Any CPU.ActiveCfg = Release|Any CPU
		{EC75763F-1269-4207-8F90-D0A842B922D5}.Release|Any CPU.Build.0 = Release|Any CPU
		{49F6200D-F648-48C5-B2CD-386F2998364D}.Debug|Any CPU.ActiveCfg = Debug|Any CPU
		{49F6200D-F648-48C5-B2CD-386F2998364D}.Debug|Any CPU.Build.0 = Debug|Any CPU
		{49F6200D-F648-48C5-B2CD-386F2998364D}.Release|Any CPU.ActiveCfg = Release|Any CPU
		{49F6200D-F648-48C5-B2CD-386F2998364D}.Release|Any CPU.Build.0 = Release|Any CPU
	EndGlobalSection
	GlobalSection(SolutionProperties) = preSolution
		HideSolutionNode = FALSE
	EndGlobalSection
EndGlobal
